
Microsoft Visual Studio Solution File, Format Version 12.00
# Visual Studio Version 16
VisualStudioVersion = 16.0.30517.126
MinimumVisualStudioVersion = 10.0.40219.1
Project("{2150E333-8FDC-42A3-9474-1A3956D46DE8}") = "Microservices", "Microservices", "{7709F88A-E323-4217-9A97-CE3AB376DBE5}"
EndProject
Project("{9A19103F-16F7-4668-BE54-9A1E7A4F7556}") = "UserService", "UserService\UserService.csproj", "{168C6E8E-ABEC-4791-B29C-2376DD453078}"
EndProject
Project("{FAE04EC0-301F-11D3-BF4B-00C04F79EFBC}") = "PostService", "PostService\PostService.csproj", "{854C10D6-5D70-4933-9907-889179802A73}"
EndProject
Global
	GlobalSection(SolutionConfigurationPlatforms) = preSolution
		Debug|Any CPU = Debug|Any CPU
		Release|Any CPU = Release|Any CPU
	EndGlobalSection
	GlobalSection(ProjectConfigurationPlatforms) = postSolution
		{168C6E8E-ABEC-4791-B29C-2376DD453078}.Debug|Any CPU.ActiveCfg = Debug|Any CPU
		{168C6E8E-ABEC-4791-B29C-2376DD453078}.Debug|Any CPU.Build.0 = Debug|Any CPU
		{168C6E8E-ABEC-4791-B29C-2376DD453078}.Release|Any CPU.ActiveCfg = Release|Any CPU
		{168C6E8E-ABEC-4791-B29C-2376DD453078}.Release|Any CPU.Build.0 = Release|Any CPU
		{854C10D6-5D70-4933-9907-889179802A73}.Debug|Any CPU.ActiveCfg = Debug|Any CPU
		{854C10D6-5D70-4933-9907-889179802A73}.Debug|Any CPU.Build.0 = Debug|Any CPU
		{854C10D6-5D70-4933-9907-889179802A73}.Release|Any CPU.ActiveCfg = Release|Any CPU
		{854C10D6-5D70-4933-9907-889179802A73}.Release|Any CPU.Build.0 = Release|Any CPU
	EndGlobalSection
	GlobalSection(SolutionProperties) = preSolution
		HideSolutionNode = FALSE
	EndGlobalSection
	GlobalSection(NestedProjects) = preSolution
		{168C6E8E-ABEC-4791-B29C-2376DD453078} = {7709F88A-E323-4217-9A97-CE3AB376DBE5}
		{854C10D6-5D70-4933-9907-889179802A73} = {7709F88A-E323-4217-9A97-CE3AB376DBE5}
	EndGlobalSection
	GlobalSection(ExtensibilityGlobals) = postSolution
		SolutionGuid = {CF1F15C0-C985-4C3F-A347-6F6F88970862}
	EndGlobalSection
EndGlobal
